schema: '2.0'
stages:
  AddData:
    cmd: zntrack run ipsuite.nodes.AddData --name AddData
    deps:
    - path: KCl1650K.extxyz
      md5: 2b9727d4c2a7f1eacab8d6a66b47118b
      size: 219416447
    params:
      params.yaml:
        AddData:
          lines_to_read: 100
    outs:
    - path: nodes/AddData/atoms.h5
      md5: 186cf041c66bfa95a24f83826fb6b8ea
      size: 764424
    - path: nodes/AddData/node-meta.json
      hash: md5
      md5: 71ea98b8879f3c4aad5c0a52694f2594
      size: 48
  train_data:
    cmd: zntrack run ipsuite.nodes.RandomSelection --name train_data
    deps:
    - path: nodes/AddData/atoms.h5
      md5: 186cf041c66bfa95a24f83826fb6b8ea
      size: 764424
    - path: nodes/AddData/node-meta.json
      hash: md5
      md5: 71ea98b8879f3c4aad5c0a52694f2594
      size: 48
    - path: nodes/test_data/node-meta.json
      hash: md5
      md5: 5fc88cd5fa4cd31ad84233838be65a2e
      size: 48
    - path: nodes/test_data/selected_configurations.json
      md5: eab7f3a8ecd310dc9e8d61bc356ae639
      size: 144
    params:
      params.yaml:
        train_data:
          n_configurations: 5
          seed: 1234
    outs:
    - path: nodes/train_data/node-meta.json
      hash: md5
      md5: 9845b206a140a341434136b1966343af
      size: 48
    - path: nodes/train_data/selected_configurations.json
      md5: 4268ead45d4075511769bc5813c86746
      size: 85
  MLModel:
    cmd: zntrack run ipsuite.nodes.GAP --name MLModel
    deps:
    - path: nodes/train_data/node-meta.json
      hash: md5
      md5: 9845b206a140a341434136b1966343af
      size: 48
    - path: nodes/train_data/selected_configurations.json
      md5: 4268ead45d4075511769bc5813c86746
      size: 85
    params:
      params.yaml:
        MLModel:
          distance_nb:
            _type: distanceNb_dataclass
            value:
              add_species: true
              covariance_type: ard_se
              cutoff: 6.0
              delta: 0.1
              n_sparse: 50
              order: 2
              sparse_method: CUR_POINTS
              theta_uniform: 1.0
          gap:
            _type: GapParameter_dataclass
            value:
              default_sigma: '{0.0001 0.01 0.01 0.01}'
              e0_method: average
              sparse_jitter: 1e-10
          soap:
            _type: soap_dataclass
            value:
              add_species: true
              covariance_type: dot_product
              cutoff: 6.0
              cutoff_transition_width: 0.5
              delta: 1.0
              l_max: 7
              n_max: 7
              n_sparse: 50
              sigma: 0.5
              sparse_method: CUR_POINTS
              zeta: 4.0
          use_energy: true
          use_forces: true
          use_stresses: false
    outs:
    - path: nodes/MLModel/gap.input
      md5: cdc62c6d1613309a707cf62754e3d3f7
      size: 728
    - path: nodes/MLModel/model
      hash: md5
      md5: f4cb8d834192a902ac57a0623a063170.dir
      size: 2418040
      nfiles: 7
    - path: nodes/MLModel/node-meta.json
      hash: md5
      md5: 65242f5a016e354023f46854d4acdade
      size: 48
    - path: nodes/MLModel/train_atoms.extxyz
      md5: 98438e6a2da7ea959017813856266d18
      size: 53180
    - path: nodes/MLModel/train_atoms.extxyz.idx
      hash: md5
      md5: 9e6816148701c531693922fae07852db
      size: 58
  test_data:
    cmd: zntrack run ipsuite.nodes.UniformEnergeticSelection --name test_data
    deps:
    - path: nodes/AddData/atoms.h5
      md5: 186cf041c66bfa95a24f83826fb6b8ea
      size: 764424
    - path: nodes/AddData/node-meta.json
      hash: md5
      md5: 71ea98b8879f3c4aad5c0a52694f2594
      size: 48
    params:
      params.yaml:
        test_data:
          n_configurations: 10
    outs:
    - path: nodes/test_data/node-meta.json
      hash: md5
      md5: 5fc88cd5fa4cd31ad84233838be65a2e
      size: 48
    - path: nodes/test_data/selected_configurations.json
      md5: eab7f3a8ecd310dc9e8d61bc356ae639
      size: 144
  PredictWithModel:
    cmd: zntrack run ipsuite.analysis.model.PredictWithModel --name PredictWithModel
    deps:
    - path: nodes/MLModel/gap.input
      md5: cdc62c6d1613309a707cf62754e3d3f7
      size: 728
    - path: nodes/MLModel/model
      md5: bcd52fb64e7f5b09df8dc0bed81a4655.dir
      size: 2393396
      nfiles: 7
    - path: nodes/MLModel/train_atoms.extxyz
      md5: 14c1247cc5d77d880f9f868a7e71a1df
      size: 31908
    - path: nodes/test_data/selected_configurations.json
      md5: eab7f3a8ecd310dc9e8d61bc356ae639
      size: 144
    outs:
    - path: nodes/PredictWithModel/atoms.h5
      md5: 4614b0d7d00b34fae2732d4404a8263c
      size: 97688
  AnalysePrediction:
    cmd: zntrack run ipsuite.analysis.model.AnalysePrediction --name AnalysePrediction
    deps:
    - path: nodes/PredictWithModel/atoms.h5
      md5: 4614b0d7d00b34fae2732d4404a8263c
      size: 97688
    outs:
    - path: nodes/AnalysePrediction/energy.json
      md5: 93521c6eacc6356b8e6ab94e23193a7a
      size: 168
    - path: nodes/AnalysePrediction/energy_df.csv
      md5: 8a5799f2feb1ec86dd0cb8fc58a9e3c9
      size: 417
    - path: nodes/AnalysePrediction/forces.json
      md5: acb78f3e1d0ffd78d240b083ec606cdb
      size: 167
    - path: nodes/AnalysePrediction/forces_df.csv
      md5: d891046cff3c402d0197e7f69f11640a
      size: 143476
    - path: nodes/AnalysePrediction/plots
      md5: 0e835962efecb778895191d4e6e12bd2.dir
      size: 163146
      nfiles: 2
    - path: nodes/AnalysePrediction/stress.json
      md5: 99914b932bd37a50b983c5e7c90ae93b
      size: 2
    - path: nodes/AnalysePrediction/stress_df.csv
      md5: a227d42afbcc590b4e949075cde4a5b6
      size: 3
  Prediction:
    cmd: zntrack run ipsuite.nodes.Prediction --name Prediction
    deps:
    - path: nodes/MLModel/gap.input
      md5: cdc62c6d1613309a707cf62754e3d3f7
      size: 728
    - path: nodes/MLModel/model
      hash: md5
      md5: f4cb8d834192a902ac57a0623a063170.dir
      size: 2418040
      nfiles: 7
    - path: nodes/MLModel/node-meta.json
      hash: md5
      md5: 65242f5a016e354023f46854d4acdade
      size: 48
    - path: nodes/MLModel/train_atoms.extxyz
      md5: 98438e6a2da7ea959017813856266d18
      size: 53180
    - path: nodes/MLModel/train_atoms.extxyz.idx
      hash: md5
      md5: 9e6816148701c531693922fae07852db
      size: 58
    - path: nodes/test_data/node-meta.json
      hash: md5
      md5: 5fc88cd5fa4cd31ad84233838be65a2e
      size: 48
    - path: nodes/test_data/selected_configurations.json
      md5: eab7f3a8ecd310dc9e8d61bc356ae639
      size: 144
    outs:
    - path: nodes/Prediction/atoms.h5
      hash: md5
      md5: bce6a7c83937f79c4695cddb204f3737
      size: 101632
    - path: nodes/Prediction/node-meta.json
      hash: md5
      md5: 7f93de506245488b563e204efc6aa6fc
      size: 48
  PredictionMetrics:
    cmd: zntrack run ipsuite.nodes.PredictionMetrics --name PredictionMetrics
    deps:
    - path: nodes/Prediction/atoms.h5
      hash: md5
      md5: bce6a7c83937f79c4695cddb204f3737
      size: 101632
    - path: nodes/Prediction/node-meta.json
      hash: md5
      md5: 7f93de506245488b563e204efc6aa6fc
      size: 48
    outs:
    - path: nodes/PredictionMetrics/deviat_stress.json
      hash: md5
      md5: 99914b932bd37a50b983c5e7c90ae93b
      size: 2
    - path: nodes/PredictionMetrics/energy.json
      hash: md5
      md5: 6874b30291a303d0e96dec32182b8bbb
      size: 165
    - path: nodes/PredictionMetrics/energy_df.csv
      hash: md5
      md5: 483fc4f26b1ffa477e7c7e192f778a68
      size: 418
    - path: nodes/PredictionMetrics/forces.json
      hash: md5
      md5: 910c173cfe113fd58dedb738d81e9a4e
      size: 166
    - path: nodes/PredictionMetrics/forces_df.csv
      hash: md5
      md5: e3cbeb783bee0613ae9f21d069d99ae0
      size: 143529
    - path: nodes/PredictionMetrics/hydro_stress.json
      hash: md5
      md5: 99914b932bd37a50b983c5e7c90ae93b
      size: 2
    - path: nodes/PredictionMetrics/node-meta.json
      hash: md5
      md5: 1b26049125f2c8613b7bf2aaac39548e
      size: 48
    - path: nodes/PredictionMetrics/plots
      hash: md5
      md5: 4c07b270b2b408f68db88d4ae0e35b57.dir
      size: 167676
      nfiles: 2
    - path: nodes/PredictionMetrics/stress.json
      md5: 99914b932bd37a50b983c5e7c90ae93b
      size: 2
    - path: nodes/PredictionMetrics/stress_deviatoric_df.csv
      hash: md5
      md5: a227d42afbcc590b4e949075cde4a5b6
      size: 3
    - path: nodes/PredictionMetrics/stress_df.csv
      md5: a227d42afbcc590b4e949075cde4a5b6
      size: 3
    - path: nodes/PredictionMetrics/stress_hydrostatic_df.csv
      hash: md5
      md5: a227d42afbcc590b4e949075cde4a5b6
      size: 3
